
Microsoft Visual Studio Solution File, Format Version 12.00
# Visual Studio Version 17
VisualStudioVersion = 17.5.33627.172
MinimumVisualStudioVersion = 10.0.40219.1
Project("{2150E333-8FDC-42A3-9474-1A3956D46DE8}") = "src", "src", "{0A3B56AC-F1BF-47E0-B2EF-B7BB10B454DA}"
EndProject
Project("{2150E333-8FDC-42A3-9474-1A3956D46DE8}") = "Modules", "Modules", "{0E7A597B-9FA2-488F-847D-C0C49DB99DE3}"
EndProject
Project("{2150E333-8FDC-42A3-9474-1A3956D46DE8}") = "Shared", "Shared", "{CB174163-58C3-48A2-BC98-E553041C1978}"
EndProject
Project("{9A19103F-16F7-4668-BE54-9A1E7A4F7556}") = "API", "src\Modules\Users\API\API.csproj", "{92F580E2-E671-4D8D-B546-5F0A7F1CED5C}"
EndProject
Project("{2150E333-8FDC-42A3-9474-1A3956D46DE8}") = "Users", "Users", "{E283395A-F084-4F08-991E-A0558C7F233B}"
EndProject
Project("{9A19103F-16F7-4668-BE54-9A1E7A4F7556}") = "Core", "src\Modules\Users\Core\Core.csproj", "{BBD77155-10DF-483C-9F15-A468720878A7}"
EndProject
Project("{9A19103F-16F7-4668-BE54-9A1E7A4F7556}") = "Shared", "src\Shared\Shared\Shared.csproj", "{EC35B2F8-237A-4AA5-9C94-F86D76944A96}"
EndProject
Project("{2150E333-8FDC-42A3-9474-1A3956D46DE8}") = "Bootstrapper", "Bootstrapper", "{9CC8A745-5AE3-472B-92D3-DFB1F7DBC1AA}"
EndProject
Project("{9A19103F-16F7-4668-BE54-9A1E7A4F7556}") = "Bootstrapper", "src\Bootstrapper\Bootstrapper.csproj", "{0CB04329-CFA4-4CE4-867F-C0D124F1035C}"
EndProject
Project("{9A19103F-16F7-4668-BE54-9A1E7A4F7556}") = "Shared", "src\Modules\Users\Shared\Shared.csproj", "{2F96916F-515B-4A41-8A4A-A1CED4EFB024}"
EndProject
Project("{2150E333-8FDC-42A3-9474-1A3956D46DE8}") = "Solution Items", "Solution Items", "{1B354F99-FB35-4AA5-8E6D-4000F4A2EFFB}"
	ProjectSection(SolutionItems) = preProject
		.editorconfig = .editorconfig
	EndProjectSection
EndProject
Project("{FAE04EC0-301F-11D3-BF4B-00C04F79EFBC}") = "API", "src\Modules\Exercises\API\API.csproj", "{2EA3151C-DC9A-4E7B-82D8-F1ACD6A22C9A}"
EndProject
Project("{2150E333-8FDC-42A3-9474-1A3956D46DE8}") = "Exercises", "Exercises", "{972A721F-179B-46B5-A875-05C07EE718F6}"
EndProject
Project("{FAE04EC0-301F-11D3-BF4B-00C04F79EFBC}") = "Core", "src\Modules\Exercises\Core\Core.csproj", "{51B0F400-E578-4D76-9875-EC5E9FF0FD2E}"
EndProject
Project("{FAE04EC0-301F-11D3-BF4B-00C04F79EFBC}") = "Shared", "src\Modules\Exercises\Shared\Shared.csproj", "{91B441BB-7BF0-418B-9AF2-FA5AC51BCBD6}"
EndProject
Global
	GlobalSection(SolutionConfigurationPlatforms) = preSolution
		Debug|Any CPU = Debug|Any CPU
		Release|Any CPU = Release|Any CPU
	EndGlobalSection
	GlobalSection(ProjectConfigurationPlatforms) = postSolution
		{92F580E2-E671-4D8D-B546-5F0A7F1CED5C}.Debug|Any CPU.ActiveCfg = Debug|Any CPU
		{92F580E2-E671-4D8D-B546-5F0A7F1CED5C}.Debug|Any CPU.Build.0 = Debug|Any CPU
		{92F580E2-E671-4D8D-B546-5F0A7F1CED5C}.Release|Any CPU.ActiveCfg = Release|Any CPU
		{92F580E2-E671-4D8D-B546-5F0A7F1CED5C}.Release|Any CPU.Build.0 = Release|Any CPU
		{BBD77155-10DF-483C-9F15-A468720878A7}.Debug|Any CPU.ActiveCfg = Debug|Any CPU
		{BBD77155-10DF-483C-9F15-A468720878A7}.Debug|Any CPU.Build.0 = Debug|Any CPU
		{BBD77155-10DF-483C-9F15-A468720878A7}.Release|Any CPU.ActiveCfg = Release|Any CPU
		{BBD77155-10DF-483C-9F15-A468720878A7}.Release|Any CPU.Build.0 = Release|Any CPU
		{EC35B2F8-237A-4AA5-9C94-F86D76944A96}.Debug|Any CPU.ActiveCfg = Debug|Any CPU
		{EC35B2F8-237A-4AA5-9C94-F86D76944A96}.Debug|Any CPU.Build.0 = Debug|Any CPU
		{EC35B2F8-237A-4AA5-9C94-F86D76944A96}.Release|Any CPU.ActiveCfg = Release|Any CPU
		{EC35B2F8-237A-4AA5-9C94-F86D76944A96}.Release|Any CPU.Build.0 = Release|Any CPU
		{0CB04329-CFA4-4CE4-867F-C0D124F1035C}.Debug|Any CPU.ActiveCfg = Debug|Any CPU
		{0CB04329-CFA4-4CE4-867F-C0D124F1035C}.Debug|Any CPU.Build.0 = Debug|Any CPU
		{0CB04329-CFA4-4CE4-867F-C0D124F1035C}.Release|Any CPU.ActiveCfg = Release|Any CPU
		{0CB04329-CFA4-4CE4-867F-C0D124F1035C}.Release|Any CPU.Build.0 = Release|Any CPU
		{2F96916F-515B-4A41-8A4A-A1CED4EFB024}.Debug|Any CPU.ActiveCfg = Debug|Any CPU
		{2F96916F-515B-4A41-8A4A-A1CED4EFB024}.Debug|Any CPU.Build.0 = Debug|Any CPU
		{2F96916F-515B-4A41-8A4A-A1CED4EFB024}.Release|Any CPU.ActiveCfg = Release|Any CPU
		{2F96916F-515B-4A41-8A4A-A1CED4EFB024}.Release|Any CPU.Build.0 = Release|Any CPU
		{2EA3151C-DC9A-4E7B-82D8-F1ACD6A22C9A}.Debug|Any CPU.ActiveCfg = Debug|Any CPU
		{2EA3151C-DC9A-4E7B-82D8-F1ACD6A22C9A}.Debug|Any CPU.Build.0 = Debug|Any CPU
		{2EA3151C-DC9A-4E7B-82D8-F1ACD6A22C9A}.Release|Any CPU.ActiveCfg = Release|Any CPU
		{2EA3151C-DC9A-4E7B-82D8-F1ACD6A22C9A}.Release|Any CPU.Build.0 = Release|Any CPU
		{51B0F400-E578-4D76-9875-EC5E9FF0FD2E}.Debug|Any CPU.ActiveCfg = Debug|Any CPU
		{51B0F400-E578-4D76-9875-EC5E9FF0FD2E}.Debug|Any CPU.Build.0 = Debug|Any CPU
		{51B0F400-E578-4D76-9875-EC5E9FF0FD2E}.Release|Any CPU.ActiveCfg = Release|Any CPU
		{51B0F400-E578-4D76-9875-EC5E9FF0FD2E}.Release|Any CPU.Build.0 = Release|Any CPU
		{91B441BB-7BF0-418B-9AF2-FA5AC51BCBD6}.Debug|Any CPU.ActiveCfg = Debug|Any CPU
		{91B441BB-7BF0-418B-9AF2-FA5AC51BCBD6}.Debug|Any CPU.Build.0 = Debug|Any CPU
		{91B441BB-7BF0-418B-9AF2-FA5AC51BCBD6}.Release|Any CPU.ActiveCfg = Release|Any CPU
		{91B441BB-7BF0-418B-9AF2-FA5AC51BCBD6}.Release|Any CPU.Build.0 = Release|Any CPU
	EndGlobalSection
	GlobalSection(SolutionProperties) = preSolution
		HideSolutionNode = FALSE
	EndGlobalSection
	GlobalSection(NestedProjects) = preSolution
		{0E7A597B-9FA2-488F-847D-C0C49DB99DE3} = {0A3B56AC-F1BF-47E0-B2EF-B7BB10B454DA}
		{CB174163-58C3-48A2-BC98-E553041C1978} = {0A3B56AC-F1BF-47E0-B2EF-B7BB10B454DA}
		{92F580E2-E671-4D8D-B546-5F0A7F1CED5C} = {E283395A-F084-4F08-991E-A0558C7F233B}
		{E283395A-F084-4F08-991E-A0558C7F233B} = {0E7A597B-9FA2-488F-847D-C0C49DB99DE3}
		{BBD77155-10DF-483C-9F15-A468720878A7} = {E283395A-F084-4F08-991E-A0558C7F233B}
		{EC35B2F8-237A-4AA5-9C94-F86D76944A96} = {CB174163-58C3-48A2-BC98-E553041C1978}
		{9CC8A745-5AE3-472B-92D3-DFB1F7DBC1AA} = {0A3B56AC-F1BF-47E0-B2EF-B7BB10B454DA}
		{0CB04329-CFA4-4CE4-867F-C0D124F1035C} = {9CC8A745-5AE3-472B-92D3-DFB1F7DBC1AA}
		{2F96916F-515B-4A41-8A4A-A1CED4EFB024} = {E283395A-F084-4F08-991E-A0558C7F233B}
		{972A721F-179B-46B5-A875-05C07EE718F6} = {0E7A597B-9FA2-488F-847D-C0C49DB99DE3}
		{2EA3151C-DC9A-4E7B-82D8-F1ACD6A22C9A} = {972A721F-179B-46B5-A875-05C07EE718F6}
		{51B0F400-E578-4D76-9875-EC5E9FF0FD2E} = {972A721F-179B-46B5-A875-05C07EE718F6}
		{91B441BB-7BF0-418B-9AF2-FA5AC51BCBD6} = {972A721F-179B-46B5-A875-05C07EE718F6}
	EndGlobalSection
	GlobalSection(ExtensibilityGlobals) = postSolution
		SolutionGuid = {4F197A6B-680F-4BD1-B244-AC32DE580C12}
	EndGlobalSection
EndGlobal
