
Microsoft Visual Studio Solution File, Format Version 12.00
# Visual Studio Version 17
VisualStudioVersion = 17.4.33213.308
MinimumVisualStudioVersion = 10.0.40219.1
Project("{2150E333-8FDC-42A3-9474-1A3956D46DE8}") = "src", "src", "{FF31296A-1797-4FEB-B363-33C07659F0A0}"
EndProject
Project("{2150E333-8FDC-42A3-9474-1A3956D46DE8}") = "Modules", "Modules", "{48E70722-2703-4F2A-BBEF-88ED75AE433A}"
EndProject
Project("{2150E333-8FDC-42A3-9474-1A3956D46DE8}") = "Bootstrapper", "Bootstrapper", "{F984B574-B66E-42FB-80E5-726C5AB49081}"
EndProject
Project("{2150E333-8FDC-42A3-9474-1A3956D46DE8}") = "Shared", "Shared", "{849F422F-853E-40EE-843F-ABC5DFBCE9A2}"
EndProject
Project("{9A19103F-16F7-4668-BE54-9A1E7A4F7556}") = "FitNoteIT.Shared", "src\Shared\FitNoteIT.Shared\FitNoteIT.Shared.csproj", "{7D5114E1-68D2-4E63-9E16-C8E2AF2EE467}"
EndProject
Project("{9A19103F-16F7-4668-BE54-9A1E7A4F7556}") = "FitNoteIT.Bootstrapper", "src\Bootstrapper\FitNoteIT.Bootstrapper\FitNoteIT.Bootstrapper.csproj", "{C61253A0-CF0E-4241-BD8B-14EEB7710396}"
EndProject
Project("{2150E333-8FDC-42A3-9474-1A3956D46DE8}") = "Users", "Users", "{FDFAD207-623B-40F0-A8F5-DE9D68B6E57A}"
EndProject
Project("{9A19103F-16F7-4668-BE54-9A1E7A4F7556}") = "FitNoteIT.Modules.Users.Core", "src\Modules\Users\FitNoteIT.Modules.Users.Core\FitNoteIT.Modules.Users.Core.csproj", "{983656E7-935B-47C8-8B65-42FF4B5BC7C8}"
EndProject
Project("{9A19103F-16F7-4668-BE54-9A1E7A4F7556}") = "FitNoteIT.Modules.Users.Api", "src\Modules\Users\FitNoteIT.Modules.Users.Api\FitNoteIT.Modules.Users.Api.csproj", "{34E17708-B2F8-4960-AA64-2BA7BD644B9C}"
EndProject
Project("{2150E333-8FDC-42A3-9474-1A3956D46DE8}") = "tests", "tests", "{704329E4-08DB-4610-9032-2A6B4E7BBA02}"
EndProject
Project("{9A19103F-16F7-4668-BE54-9A1E7A4F7556}") = "FitNoteIT.Modules.Users.IntegrationTests", "tests\Modules\Users\FitNoteIT.Modules.Users.IntegrationTests\FitNoteIT.Modules.Users.IntegrationTests.csproj", "{07196608-0EBB-4003-94F4-19F123C9AD15}"
EndProject
Project("{9A19103F-16F7-4668-BE54-9A1E7A4F7556}") = "FitNoteIT.Modules.Users.UnitTests", "tests\Modules\Users\FitNoteIT.Modules.Users.UnitTests\FitNoteIT.Modules.Users.UnitTests.csproj", "{CBE05197-6E25-4058-9ADA-FFFBB114F1E9}"
EndProject
Project("{2150E333-8FDC-42A3-9474-1A3956D46DE8}") = "Modules", "Modules", "{1C7FD524-F303-4A5A-ABDD-529F03902711}"
EndProject
Project("{2150E333-8FDC-42A3-9474-1A3956D46DE8}") = "Users", "Users", "{266FAEBF-3E24-4F26-8345-820E76CD9D7A}"
EndProject
Project("{9A19103F-16F7-4668-BE54-9A1E7A4F7556}") = "FitNoteIT.Shared.Tests", "src\Shared\FitNoteIT.Shared.Tests\FitNoteIT.Shared.Tests.csproj", "{9EC365AB-79C7-4DEE-A3B6-B62C98CF34E0}"
EndProject
Project("{9A19103F-16F7-4668-BE54-9A1E7A4F7556}") = "FitNoteIT.Modules.Users.Shared", "src\Modules\Users\FitNoteIT.Modules.Users.Shared\FitNoteIT.Modules.Users.Shared.csproj", "{332425F7-1000-4A69-87C0-C9519B039804}"
EndProject
Project("{2150E333-8FDC-42A3-9474-1A3956D46DE8}") = "Exercises", "Exercises", "{9ED99231-BD4C-484E-B73C-CFECE34669F0}"
EndProject
Project("{FAE04EC0-301F-11D3-BF4B-00C04F79EFBC}") = "FitNoteIT.Modules.Exercises.Api", "src\Modules\Exercises\FitNoteIT.Modules.Exercises.Api\FitNoteIT.Modules.Exercises.Api.csproj", "{7D909744-D144-4B5A-80F8-0277A60AE9ED}"
EndProject
Project("{FAE04EC0-301F-11D3-BF4B-00C04F79EFBC}") = "FitNoteIT.Modules.Exercises.Core", "src\Modules\Exercises\FitNoteIT.Modules.Exercises.Core\FitNoteIT.Modules.Exercises.Core.csproj", "{7A348D86-1A2C-4649-A9D9-1105CBAD47B0}"
EndProject
Project("{FAE04EC0-301F-11D3-BF4B-00C04F79EFBC}") = "FitNoteIT.Modules.Exercises.Shared", "src\Modules\Exercises\FitNoteIT.Modules.Exercises.Shared\FitNoteIT.Modules.Exercises.Shared.csproj", "{3F2892D1-E8BD-42C0-865F-A1550D4829AA}"
EndProject
Project("{2150E333-8FDC-42A3-9474-1A3956D46DE8}") = "Workouts", "Workouts", "{D0FC4C9B-7A40-43EE-8407-255B548D47B8}"
EndProject
Project("{FAE04EC0-301F-11D3-BF4B-00C04F79EFBC}") = "FitNoteIT.Modules.Workouts.Api", "src\Modules\Workouts\FitNoteIT.Modules.Workouts.Api\FitNoteIT.Modules.Workouts.Api.csproj", "{3E116A30-B391-4D4A-88D5-D2AD2AC386CD}"
EndProject
Project("{FAE04EC0-301F-11D3-BF4B-00C04F79EFBC}") = "FitNoteIT.Modules.Workouts.Core", "src\Modules\Workouts\FitNoteIT.Modules.Workouts.Core\FitNoteIT.Modules.Workouts.Core.csproj", "{9F95D1C3-39C7-47F4-9D86-C717068F39A0}"
EndProject
Project("{FAE04EC0-301F-11D3-BF4B-00C04F79EFBC}") = "FitNoteIT.Modules.Workouts.Shared", "src\Modules\Workouts\FitNoteIT.Modules.Workouts.Shared\FitNoteIT.Modules.Workouts.Shared.csproj", "{08E46382-AD6C-407F-A705-88F4D6511653}"
EndProject
Global
	GlobalSection(SolutionConfigurationPlatforms) = preSolution
		Debug|Any CPU = Debug|Any CPU
		Release|Any CPU = Release|Any CPU
	EndGlobalSection
	GlobalSection(ProjectConfigurationPlatforms) = postSolution
		{7D5114E1-68D2-4E63-9E16-C8E2AF2EE467}.Debug|Any CPU.ActiveCfg = Debug|Any CPU
		{7D5114E1-68D2-4E63-9E16-C8E2AF2EE467}.Debug|Any CPU.Build.0 = Debug|Any CPU
		{7D5114E1-68D2-4E63-9E16-C8E2AF2EE467}.Release|Any CPU.ActiveCfg = Release|Any CPU
		{7D5114E1-68D2-4E63-9E16-C8E2AF2EE467}.Release|Any CPU.Build.0 = Release|Any CPU
		{C61253A0-CF0E-4241-BD8B-14EEB7710396}.Debug|Any CPU.ActiveCfg = Debug|Any CPU
		{C61253A0-CF0E-4241-BD8B-14EEB7710396}.Debug|Any CPU.Build.0 = Debug|Any CPU
		{C61253A0-CF0E-4241-BD8B-14EEB7710396}.Release|Any CPU.ActiveCfg = Release|Any CPU
		{C61253A0-CF0E-4241-BD8B-14EEB7710396}.Release|Any CPU.Build.0 = Release|Any CPU
		{983656E7-935B-47C8-8B65-42FF4B5BC7C8}.Debug|Any CPU.ActiveCfg = Debug|Any CPU
		{983656E7-935B-47C8-8B65-42FF4B5BC7C8}.Debug|Any CPU.Build.0 = Debug|Any CPU
		{983656E7-935B-47C8-8B65-42FF4B5BC7C8}.Release|Any CPU.ActiveCfg = Release|Any CPU
		{983656E7-935B-47C8-8B65-42FF4B5BC7C8}.Release|Any CPU.Build.0 = Release|Any CPU
		{34E17708-B2F8-4960-AA64-2BA7BD644B9C}.Debug|Any CPU.ActiveCfg = Debug|Any CPU
		{34E17708-B2F8-4960-AA64-2BA7BD644B9C}.Debug|Any CPU.Build.0 = Debug|Any CPU
		{34E17708-B2F8-4960-AA64-2BA7BD644B9C}.Release|Any CPU.ActiveCfg = Release|Any CPU
		{34E17708-B2F8-4960-AA64-2BA7BD644B9C}.Release|Any CPU.Build.0 = Release|Any CPU
		{07196608-0EBB-4003-94F4-19F123C9AD15}.Debug|Any CPU.ActiveCfg = Debug|Any CPU
		{07196608-0EBB-4003-94F4-19F123C9AD15}.Debug|Any CPU.Build.0 = Debug|Any CPU
		{07196608-0EBB-4003-94F4-19F123C9AD15}.Release|Any CPU.ActiveCfg = Release|Any CPU
		{07196608-0EBB-4003-94F4-19F123C9AD15}.Release|Any CPU.Build.0 = Release|Any CPU
		{CBE05197-6E25-4058-9ADA-FFFBB114F1E9}.Debug|Any CPU.ActiveCfg = Debug|Any CPU
		{CBE05197-6E25-4058-9ADA-FFFBB114F1E9}.Debug|Any CPU.Build.0 = Debug|Any CPU
		{CBE05197-6E25-4058-9ADA-FFFBB114F1E9}.Release|Any CPU.ActiveCfg = Release|Any CPU
		{CBE05197-6E25-4058-9ADA-FFFBB114F1E9}.Release|Any CPU.Build.0 = Release|Any CPU
		{9EC365AB-79C7-4DEE-A3B6-B62C98CF34E0}.Debug|Any CPU.ActiveCfg = Debug|Any CPU
		{9EC365AB-79C7-4DEE-A3B6-B62C98CF34E0}.Debug|Any CPU.Build.0 = Debug|Any CPU
		{9EC365AB-79C7-4DEE-A3B6-B62C98CF34E0}.Release|Any CPU.ActiveCfg = Release|Any CPU
		{9EC365AB-79C7-4DEE-A3B6-B62C98CF34E0}.Release|Any CPU.Build.0 = Release|Any CPU
		{332425F7-1000-4A69-87C0-C9519B039804}.Debug|Any CPU.ActiveCfg = Debug|Any CPU
		{332425F7-1000-4A69-87C0-C9519B039804}.Debug|Any CPU.Build.0 = Debug|Any CPU
		{332425F7-1000-4A69-87C0-C9519B039804}.Release|Any CPU.ActiveCfg = Release|Any CPU
		{332425F7-1000-4A69-87C0-C9519B039804}.Release|Any CPU.Build.0 = Release|Any CPU
		{7D909744-D144-4B5A-80F8-0277A60AE9ED}.Debug|Any CPU.ActiveCfg = Debug|Any CPU
		{7D909744-D144-4B5A-80F8-0277A60AE9ED}.Debug|Any CPU.Build.0 = Debug|Any CPU
		{7D909744-D144-4B5A-80F8-0277A60AE9ED}.Release|Any CPU.ActiveCfg = Release|Any CPU
		{7D909744-D144-4B5A-80F8-0277A60AE9ED}.Release|Any CPU.Build.0 = Release|Any CPU
		{7A348D86-1A2C-4649-A9D9-1105CBAD47B0}.Debug|Any CPU.ActiveCfg = Debug|Any CPU
		{7A348D86-1A2C-4649-A9D9-1105CBAD47B0}.Debug|Any CPU.Build.0 = Debug|Any CPU
		{7A348D86-1A2C-4649-A9D9-1105CBAD47B0}.Release|Any CPU.ActiveCfg = Release|Any CPU
		{7A348D86-1A2C-4649-A9D9-1105CBAD47B0}.Release|Any CPU.Build.0 = Release|Any CPU
		{3F2892D1-E8BD-42C0-865F-A1550D4829AA}.Debug|Any CPU.ActiveCfg = Debug|Any CPU
		{3F2892D1-E8BD-42C0-865F-A1550D4829AA}.Debug|Any CPU.Build.0 = Debug|Any CPU
		{3F2892D1-E8BD-42C0-865F-A1550D4829AA}.Release|Any CPU.ActiveCfg = Release|Any CPU
		{3F2892D1-E8BD-42C0-865F-A1550D4829AA}.Release|Any CPU.Build.0 = Release|Any CPU
		{3E116A30-B391-4D4A-88D5-D2AD2AC386CD}.Debug|Any CPU.ActiveCfg = Debug|Any CPU
		{3E116A30-B391-4D4A-88D5-D2AD2AC386CD}.Debug|Any CPU.Build.0 = Debug|Any CPU
		{3E116A30-B391-4D4A-88D5-D2AD2AC386CD}.Release|Any CPU.ActiveCfg = Release|Any CPU
		{3E116A30-B391-4D4A-88D5-D2AD2AC386CD}.Release|Any CPU.Build.0 = Release|Any CPU
		{9F95D1C3-39C7-47F4-9D86-C717068F39A0}.Debug|Any CPU.ActiveCfg = Debug|Any CPU
		{9F95D1C3-39C7-47F4-9D86-C717068F39A0}.Debug|Any CPU.Build.0 = Debug|Any CPU
		{9F95D1C3-39C7-47F4-9D86-C717068F39A0}.Release|Any CPU.ActiveCfg = Release|Any CPU
		{9F95D1C3-39C7-47F4-9D86-C717068F39A0}.Release|Any CPU.Build.0 = Release|Any CPU
		{08E46382-AD6C-407F-A705-88F4D6511653}.Debug|Any CPU.ActiveCfg = Debug|Any CPU
		{08E46382-AD6C-407F-A705-88F4D6511653}.Debug|Any CPU.Build.0 = Debug|Any CPU
		{08E46382-AD6C-407F-A705-88F4D6511653}.Release|Any CPU.ActiveCfg = Release|Any CPU
		{08E46382-AD6C-407F-A705-88F4D6511653}.Release|Any CPU.Build.0 = Release|Any CPU
	EndGlobalSection
	GlobalSection(SolutionProperties) = preSolution
		HideSolutionNode = FALSE
	EndGlobalSection
	GlobalSection(NestedProjects) = preSolution
		{48E70722-2703-4F2A-BBEF-88ED75AE433A} = {FF31296A-1797-4FEB-B363-33C07659F0A0}
		{F984B574-B66E-42FB-80E5-726C5AB49081} = {FF31296A-1797-4FEB-B363-33C07659F0A0}
		{849F422F-853E-40EE-843F-ABC5DFBCE9A2} = {FF31296A-1797-4FEB-B363-33C07659F0A0}
		{7D5114E1-68D2-4E63-9E16-C8E2AF2EE467} = {849F422F-853E-40EE-843F-ABC5DFBCE9A2}
		{C61253A0-CF0E-4241-BD8B-14EEB7710396} = {F984B574-B66E-42FB-80E5-726C5AB49081}
		{FDFAD207-623B-40F0-A8F5-DE9D68B6E57A} = {48E70722-2703-4F2A-BBEF-88ED75AE433A}
		{983656E7-935B-47C8-8B65-42FF4B5BC7C8} = {FDFAD207-623B-40F0-A8F5-DE9D68B6E57A}
		{34E17708-B2F8-4960-AA64-2BA7BD644B9C} = {FDFAD207-623B-40F0-A8F5-DE9D68B6E57A}
		{07196608-0EBB-4003-94F4-19F123C9AD15} = {266FAEBF-3E24-4F26-8345-820E76CD9D7A}
		{CBE05197-6E25-4058-9ADA-FFFBB114F1E9} = {266FAEBF-3E24-4F26-8345-820E76CD9D7A}
		{1C7FD524-F303-4A5A-ABDD-529F03902711} = {704329E4-08DB-4610-9032-2A6B4E7BBA02}
		{266FAEBF-3E24-4F26-8345-820E76CD9D7A} = {1C7FD524-F303-4A5A-ABDD-529F03902711}
		{9EC365AB-79C7-4DEE-A3B6-B62C98CF34E0} = {849F422F-853E-40EE-843F-ABC5DFBCE9A2}
		{332425F7-1000-4A69-87C0-C9519B039804} = {FDFAD207-623B-40F0-A8F5-DE9D68B6E57A}
		{9ED99231-BD4C-484E-B73C-CFECE34669F0} = {48E70722-2703-4F2A-BBEF-88ED75AE433A}
		{7D909744-D144-4B5A-80F8-0277A60AE9ED} = {9ED99231-BD4C-484E-B73C-CFECE34669F0}
		{7A348D86-1A2C-4649-A9D9-1105CBAD47B0} = {9ED99231-BD4C-484E-B73C-CFECE34669F0}
		{3F2892D1-E8BD-42C0-865F-A1550D4829AA} = {9ED99231-BD4C-484E-B73C-CFECE34669F0}
		{D0FC4C9B-7A40-43EE-8407-255B548D47B8} = {48E70722-2703-4F2A-BBEF-88ED75AE433A}
		{3E116A30-B391-4D4A-88D5-D2AD2AC386CD} = {D0FC4C9B-7A40-43EE-8407-255B548D47B8}
		{9F95D1C3-39C7-47F4-9D86-C717068F39A0} = {D0FC4C9B-7A40-43EE-8407-255B548D47B8}
		{08E46382-AD6C-407F-A705-88F4D6511653} = {D0FC4C9B-7A40-43EE-8407-255B548D47B8}
	EndGlobalSection
	GlobalSection(ExtensibilityGlobals) = postSolution
		SolutionGuid = {D4B47DD7-AA80-460A-BB47-9E42014D8B79}
	EndGlobalSection
EndGlobal
